# This file is autogenerated, do not edit; changes may be undone by the next 'dep ensure'.


[[projects]]
  branch = "master"
  name = "github.com/miekg/dns"
  packages = [".","internal/socket"]
  revision = "7994cb36eaf858ccb42fe26da404c345eca1d62d"

[[projects]]
  branch = "master"
  name = "golang.org/x/net"
  packages = ["route"]
  revision = "9dfe39835686865bff950a07b394c12a98ddc811"

[solve-meta]
  analyzer-name = "dep"
  analyzer-version = 1
  inputs-digest = "51bc351fec25277f986981ed7b2dddb8280fc6b6b0cca624bcd281809ab7c55c"
  solver-name = "gps-cdcl"
  solver-version = 1
