# This file is autogenerated, do not edit; changes may be undone by the next 'dep ensure'.


[[projects]]
  branch = "master"
  name = "github.com/miekg/dns"
  packages = [".","internal/socket"]
  revision = "946bd9fbed05568b0f3cd188353d8aa28f38b688"

[[projects]]
  branch = "master"
  name = "golang.org/x/net"
  packages = ["route"]
  revision = "0a9397675ba34b2845f758fe3cd68828369c6517"

[solve-meta]
  analyzer-name = "dep"
  analyzer-version = 1
  inputs-digest = "51bc351fec25277f986981ed7b2dddb8280fc6b6b0cca624bcd281809ab7c55c"
  solver-name = "gps-cdcl"
  solver-version = 1
